
Microsoft Visual Studio Solution File, Format Version 12.00
# Visual Studio Version 16
VisualStudioVersion = 16.0.29409.12
MinimumVisualStudioVersion = 10.0.40219.1
Project("{9A19103F-16F7-4668-BE54-9A1E7A4F7556}") = "MessagingBoard.API", "MessageBoard.API\MessagingBoard.API.csproj", "{B899DBF4-B511-4A17-847F-928A5909372D}"
EndProject
Project("{9A19103F-16F7-4668-BE54-9A1E7A4F7556}") = "MessageBoard.ConsoleUI", "MessageBoard.ConsoleUI\MessageBoard.ConsoleUI.csproj", "{F44365A6-2804-444C-8410-32529CDF4201}"
EndProject
Project("{FAE04EC0-301F-11D3-BF4B-00C04F79EFBC}") = "MessagingBoard.Models", "MessagingBoard.Models\MessagingBoard.Models.csproj", "{3C716EB4-C207-47AC-887B-9DE2A1B7E23A}"
EndProject
Global
	GlobalSection(SolutionConfigurationPlatforms) = preSolution
		Debug|Any CPU = Debug|Any CPU
		Release|Any CPU = Release|Any CPU
	EndGlobalSection
	GlobalSection(ProjectConfigurationPlatforms) = postSolution
		{B899DBF4-B511-4A17-847F-928A5909372D}.Debug|Any CPU.ActiveCfg = Debug|Any CPU
		{B899DBF4-B511-4A17-847F-928A5909372D}.Debug|Any CPU.Build.0 = Debug|Any CPU
		{B899DBF4-B511-4A17-847F-928A5909372D}.Release|Any CPU.ActiveCfg = Release|Any CPU
		{B899DBF4-B511-4A17-847F-928A5909372D}.Release|Any CPU.Build.0 = Release|Any CPU
		{F44365A6-2804-444C-8410-32529CDF4201}.Debug|Any CPU.ActiveCfg = Debug|Any CPU
		{F44365A6-2804-444C-8410-32529CDF4201}.Debug|Any CPU.Build.0 = Debug|Any CPU
		{F44365A6-2804-444C-8410-32529CDF4201}.Release|Any CPU.ActiveCfg = Release|Any CPU
		{F44365A6-2804-444C-8410-32529CDF4201}.Release|Any CPU.Build.0 = Release|Any CPU
		{3C716EB4-C207-47AC-887B-9DE2A1B7E23A}.Debug|Any CPU.ActiveCfg = Debug|Any CPU
		{3C716EB4-C207-47AC-887B-9DE2A1B7E23A}.Debug|Any CPU.Build.0 = Debug|Any CPU
		{3C716EB4-C207-47AC-887B-9DE2A1B7E23A}.Release|Any CPU.ActiveCfg = Release|Any CPU
		{3C716EB4-C207-47AC-887B-9DE2A1B7E23A}.Release|Any CPU.Build.0 = Release|Any CPU
	EndGlobalSection
	GlobalSection(SolutionProperties) = preSolution
		HideSolutionNode = FALSE
	EndGlobalSection
	GlobalSection(ExtensibilityGlobals) = postSolution
		SolutionGuid = {6D91F90A-5ED2-4FC9-A78C-1289BB65B142}
	EndGlobalSection
EndGlobal
